// !$*UTF8*$!
{
	archiveVersion = 1;
	classes = {
	};
	objectVersion = 55;
	objects = {

/* Begin PBXBuildFile section */
		734496462BA334E60073B6C3 /* ProgressHUD in Frameworks */ = {isa = PBXBuildFile; productRef = 734496452BA334E60073B6C3 /* ProgressHUD */; };
		734496482BA33BA50073B6C3 /* UIBlockingProgressHUD.swift in Sources */ = {isa = PBXBuildFile; fileRef = 734496472BA33BA50073B6C3 /* UIBlockingProgressHUD.swift */; };
		7344964A2BA36E350073B6C3 /* ProfileService.swift in Sources */ = {isa = PBXBuildFile; fileRef = 734496492BA36E350073B6C3 /* ProfileService.swift */; };
		7344964C2BA37E700073B6C3 /* ProfileStructs.swift in Sources */ = {isa = PBXBuildFile; fileRef = 7344964B2BA37E700073B6C3 /* ProfileStructs.swift */; };
		7344964E2BA380210073B6C3 /* ProfileImageService.swift in Sources */ = {isa = PBXBuildFile; fileRef = 7344964D2BA380210073B6C3 /* ProfileImageService.swift */; };
		734496512BA399E80073B6C3 /* Kingfisher in Frameworks */ = {isa = PBXBuildFile; productRef = 734496502BA399E80073B6C3 /* Kingfisher */; };
		734496552BA39AD80073B6C3 /* TabBarController.swift in Sources */ = {isa = PBXBuildFile; fileRef = 734496542BA39AD80073B6C3 /* TabBarController.swift */; };
		734496592BA864950073B6C3 /* SwiftKeychainWrapper in Frameworks */ = {isa = PBXBuildFile; productRef = 734496582BA864950073B6C3 /* SwiftKeychainWrapper */; };
		735030792B88F4BF005FC38F /* Constants.swift in Sources */ = {isa = PBXBuildFile; fileRef = 735030782B88F4BF005FC38F /* Constants.swift */; };
		7350307C2B90D8A5005FC38F /* AuthViewController.swift in Sources */ = {isa = PBXBuildFile; fileRef = 7350307B2B90D8A5005FC38F /* AuthViewController.swift */; };
		7350307E2B963A7A005FC38F /* WebViewViewController.swift in Sources */ = {isa = PBXBuildFile; fileRef = 7350307D2B963A7A005FC38F /* WebViewViewController.swift */; };
		735F20762B753B1700CBC796 /* ProfileViewController.swift in Sources */ = {isa = PBXBuildFile; fileRef = 735F20752B753B1700CBC796 /* ProfileViewController.swift */; };
		7364E7AC2B54F9D700EDD5B0 /* AppDelegate.swift in Sources */ = {isa = PBXBuildFile; fileRef = 7364E7AB2B54F9D700EDD5B0 /* AppDelegate.swift */; };
		7364E7AE2B54F9D700EDD5B0 /* SceneDelegate.swift in Sources */ = {isa = PBXBuildFile; fileRef = 7364E7AD2B54F9D700EDD5B0 /* SceneDelegate.swift */; };
		7364E7B02B54F9D700EDD5B0 /* ImagesListViewController.swift in Sources */ = {isa = PBXBuildFile; fileRef = 7364E7AF2B54F9D700EDD5B0 /* ImagesListViewController.swift */; };
		7364E7B32B54F9D700EDD5B0 /* Main.storyboard in Resources */ = {isa = PBXBuildFile; fileRef = 7364E7B12B54F9D700EDD5B0 /* Main.storyboard */; };
		7364E7B62B54F9D700EDD5B0 /* ImageFeed.xcdatamodeld in Sources */ = {isa = PBXBuildFile; fileRef = 7364E7B42B54F9D700EDD5B0 /* ImageFeed.xcdatamodeld */; };
		7364E7B82B54F9DE00EDD5B0 /* Assets.xcassets in Resources */ = {isa = PBXBuildFile; fileRef = 7364E7B72B54F9DE00EDD5B0 /* Assets.xcassets */; };
		7364E7BB2B54F9DE00EDD5B0 /* LaunchScreen.storyboard in Resources */ = {isa = PBXBuildFile; fileRef = 7364E7B92B54F9DE00EDD5B0 /* LaunchScreen.storyboard */; };
		7364E7C62B54F9DE00EDD5B0 /* ImageFeedTests.swift in Sources */ = {isa = PBXBuildFile; fileRef = 7364E7C52B54F9DE00EDD5B0 /* ImageFeedTests.swift */; };
		7364E7D02B54F9DE00EDD5B0 /* ImageFeedUITests.swift in Sources */ = {isa = PBXBuildFile; fileRef = 7364E7CF2B54F9DE00EDD5B0 /* ImageFeedUITests.swift */; };
		7364E7D22B54F9DE00EDD5B0 /* ImageFeedUITestsLaunchTests.swift in Sources */ = {isa = PBXBuildFile; fileRef = 7364E7D12B54F9DE00EDD5B0 /* ImageFeedUITestsLaunchTests.swift */; };
		736BFAE32B75902200B8CD70 /* SingleImageViewController.swift in Sources */ = {isa = PBXBuildFile; fileRef = 736BFAE22B75902200B8CD70 /* SingleImageViewController.swift */; };
		7392F9562B98DB9600FC6FC3 /* OAuth2Service.swift in Sources */ = {isa = PBXBuildFile; fileRef = 7392F9552B98DB9600FC6FC3 /* OAuth2Service.swift */; };
		7392F9582B98DF3400FC6FC3 /* OAuth2TokenStorage.swift in Sources */ = {isa = PBXBuildFile; fileRef = 7392F9572B98DF3400FC6FC3 /* OAuth2TokenStorage.swift */; };
		7392F95A2B99D10800FC6FC3 /* OAuthTokenResponseBody.swift in Sources */ = {isa = PBXBuildFile; fileRef = 7392F9592B99D10800FC6FC3 /* OAuthTokenResponseBody.swift */; };
		7392F95C2B99D1FD00FC6FC3 /* URLSession+data.swift in Sources */ = {isa = PBXBuildFile; fileRef = 7392F95B2B99D1FD00FC6FC3 /* URLSession+data.swift */; };
		7392F95E2B99D5EF00FC6FC3 /* URLRequest.swift in Sources */ = {isa = PBXBuildFile; fileRef = 7392F95D2B99D5EF00FC6FC3 /* URLRequest.swift */; };
		7392F9612B99DF5800FC6FC3 /* SplashViewController.swift in Sources */ = {isa = PBXBuildFile; fileRef = 7392F9602B99DF5800FC6FC3 /* SplashViewController.swift */; };
		73A17E012BAA0D3200203948 /* PhotoStruct.swift in Sources */ = {isa = PBXBuildFile; fileRef = 73A17E002BAA0D3200203948 /* PhotoStruct.swift */; };
		73A17E032BAA0E2B00203948 /* PhotoRequestResult.swift in Sources */ = {isa = PBXBuildFile; fileRef = 73A17E022BAA0E2B00203948 /* PhotoRequestResult.swift */; };
		73A17E052BAA10EB00203948 /* ImagesListService.swift in Sources */ = {isa = PBXBuildFile; fileRef = 73A17E042BAA10EB00203948 /* ImagesListService.swift */; };
		73C026222B6ACD66004F98C0 /* ImagesListCell.swift in Sources */ = {isa = PBXBuildFile; fileRef = 73C026212B6ACD66004F98C0 /* ImagesListCell.swift */; };
/* End PBXBuildFile section */

/* Begin PBXContainerItemProxy section */
		7364E7C22B54F9DE00EDD5B0 /* PBXContainerItemProxy */ = {
			isa = PBXContainerItemProxy;
			containerPortal = 7364E7A02B54F9D700EDD5B0 /* Project object */;
			proxyType = 1;
			remoteGlobalIDString = 7364E7A72B54F9D700EDD5B0;
			remoteInfo = ImageFeed;
		};
		7364E7CC2B54F9DE00EDD5B0 /* PBXContainerItemProxy */ = {
			isa = PBXContainerItemProxy;
			containerPortal = 7364E7A02B54F9D700EDD5B0 /* Project object */;
			proxyType = 1;
			remoteGlobalIDString = 7364E7A72B54F9D700EDD5B0;
			remoteInfo = ImageFeed;
		};
/* End PBXContainerItemProxy section */

/* Begin PBXFileReference section */
		734496472BA33BA50073B6C3 /* UIBlockingProgressHUD.swift */ = {isa = PBXFileReference; lastKnownFileType = sourcecode.swift; path = UIBlockingProgressHUD.swift; sourceTree = "<group>"; };
		734496492BA36E350073B6C3 /* ProfileService.swift */ = {isa = PBXFileReference; lastKnownFileType = sourcecode.swift; path = ProfileService.swift; sourceTree = "<group>"; };
		7344964B2BA37E700073B6C3 /* ProfileStructs.swift */ = {isa = PBXFileReference; lastKnownFileType = sourcecode.swift; path = ProfileStructs.swift; sourceTree = "<group>"; };
		7344964D2BA380210073B6C3 /* ProfileImageService.swift */ = {isa = PBXFileReference; lastKnownFileType = sourcecode.swift; path = ProfileImageService.swift; sourceTree = "<group>"; };
		734496542BA39AD80073B6C3 /* TabBarController.swift */ = {isa = PBXFileReference; lastKnownFileType = sourcecode.swift; path = TabBarController.swift; sourceTree = "<group>"; };
		735030782B88F4BF005FC38F /* Constants.swift */ = {isa = PBXFileReference; lastKnownFileType = sourcecode.swift; path = Constants.swift; sourceTree = "<group>"; };
		7350307B2B90D8A5005FC38F /* AuthViewController.swift */ = {isa = PBXFileReference; lastKnownFileType = sourcecode.swift; path = AuthViewController.swift; sourceTree = "<group>"; };
		7350307D2B963A7A005FC38F /* WebViewViewController.swift */ = {isa = PBXFileReference; lastKnownFileType = sourcecode.swift; path = WebViewViewController.swift; sourceTree = "<group>"; };
		735F20752B753B1700CBC796 /* ProfileViewController.swift */ = {isa = PBXFileReference; lastKnownFileType = sourcecode.swift; path = ProfileViewController.swift; sourceTree = "<group>"; };
		7364E7A82B54F9D700EDD5B0 /* ImageFeed.app */ = {isa = PBXFileReference; explicitFileType = wrapper.application; includeInIndex = 0; path = ImageFeed.app; sourceTree = BUILT_PRODUCTS_DIR; };
		7364E7AB2B54F9D700EDD5B0 /* AppDelegate.swift */ = {isa = PBXFileReference; lastKnownFileType = sourcecode.swift; path = AppDelegate.swift; sourceTree = "<group>"; };
		7364E7AD2B54F9D700EDD5B0 /* SceneDelegate.swift */ = {isa = PBXFileReference; lastKnownFileType = sourcecode.swift; path = SceneDelegate.swift; sourceTree = "<group>"; };
		7364E7AF2B54F9D700EDD5B0 /* ImagesListViewController.swift */ = {isa = PBXFileReference; lastKnownFileType = sourcecode.swift; path = ImagesListViewController.swift; sourceTree = "<group>"; };
		7364E7B22B54F9D700EDD5B0 /* Base */ = {isa = PBXFileReference; lastKnownFileType = file.storyboard; name = Base; path = Base.lproj/Main.storyboard; sourceTree = "<group>"; };
		7364E7B52B54F9D700EDD5B0 /* ImageFeed.xcdatamodel */ = {isa = PBXFileReference; lastKnownFileType = wrapper.xcdatamodel; path = ImageFeed.xcdatamodel; sourceTree = "<group>"; };
		7364E7B72B54F9DE00EDD5B0 /* Assets.xcassets */ = {isa = PBXFileReference; lastKnownFileType = folder.assetcatalog; path = Assets.xcassets; sourceTree = "<group>"; };
		7364E7BA2B54F9DE00EDD5B0 /* Base */ = {isa = PBXFileReference; lastKnownFileType = file.storyboard; name = Base; path = Base.lproj/LaunchScreen.storyboard; sourceTree = "<group>"; };
		7364E7BC2B54F9DE00EDD5B0 /* Info.plist */ = {isa = PBXFileReference; lastKnownFileType = text.plist.xml; path = Info.plist; sourceTree = "<group>"; };
		7364E7C12B54F9DE00EDD5B0 /* ImageFeedTests.xctest */ = {isa = PBXFileReference; explicitFileType = wrapper.cfbundle; includeInIndex = 0; path = ImageFeedTests.xctest; sourceTree = BUILT_PRODUCTS_DIR; };
		7364E7C52B54F9DE00EDD5B0 /* ImageFeedTests.swift */ = {isa = PBXFileReference; lastKnownFileType = sourcecode.swift; path = ImageFeedTests.swift; sourceTree = "<group>"; };
		7364E7CB2B54F9DE00EDD5B0 /* ImageFeedUITests.xctest */ = {isa = PBXFileReference; explicitFileType = wrapper.cfbundle; includeInIndex = 0; path = ImageFeedUITests.xctest; sourceTree = BUILT_PRODUCTS_DIR; };
		7364E7CF2B54F9DE00EDD5B0 /* ImageFeedUITests.swift */ = {isa = PBXFileReference; lastKnownFileType = sourcecode.swift; path = ImageFeedUITests.swift; sourceTree = "<group>"; };
		7364E7D12B54F9DE00EDD5B0 /* ImageFeedUITestsLaunchTests.swift */ = {isa = PBXFileReference; lastKnownFileType = sourcecode.swift; path = ImageFeedUITestsLaunchTests.swift; sourceTree = "<group>"; };
		736BFAE22B75902200B8CD70 /* SingleImageViewController.swift */ = {isa = PBXFileReference; lastKnownFileType = sourcecode.swift; path = SingleImageViewController.swift; sourceTree = "<group>"; };
		7392F9552B98DB9600FC6FC3 /* OAuth2Service.swift */ = {isa = PBXFileReference; lastKnownFileType = sourcecode.swift; path = OAuth2Service.swift; sourceTree = "<group>"; };
		7392F9572B98DF3400FC6FC3 /* OAuth2TokenStorage.swift */ = {isa = PBXFileReference; lastKnownFileType = sourcecode.swift; path = OAuth2TokenStorage.swift; sourceTree = "<group>"; };
		7392F9592B99D10800FC6FC3 /* OAuthTokenResponseBody.swift */ = {isa = PBXFileReference; lastKnownFileType = sourcecode.swift; path = OAuthTokenResponseBody.swift; sourceTree = "<group>"; };
		7392F95B2B99D1FD00FC6FC3 /* URLSession+data.swift */ = {isa = PBXFileReference; lastKnownFileType = sourcecode.swift; path = "URLSession+data.swift"; sourceTree = "<group>"; };
		7392F95D2B99D5EF00FC6FC3 /* URLRequest.swift */ = {isa = PBXFileReference; lastKnownFileType = sourcecode.swift; path = URLRequest.swift; sourceTree = "<group>"; };
		7392F9602B99DF5800FC6FC3 /* SplashViewController.swift */ = {isa = PBXFileReference; lastKnownFileType = sourcecode.swift; path = SplashViewController.swift; sourceTree = "<group>"; };
		73A17E002BAA0D3200203948 /* PhotoStruct.swift */ = {isa = PBXFileReference; lastKnownFileType = sourcecode.swift; path = PhotoStruct.swift; sourceTree = "<group>"; };
		73A17E022BAA0E2B00203948 /* PhotoRequestResult.swift */ = {isa = PBXFileReference; lastKnownFileType = sourcecode.swift; path = PhotoRequestResult.swift; sourceTree = "<group>"; };
		73A17E042BAA10EB00203948 /* ImagesListService.swift */ = {isa = PBXFileReference; lastKnownFileType = sourcecode.swift; path = ImagesListService.swift; sourceTree = "<group>"; };
		73C026212B6ACD66004F98C0 /* ImagesListCell.swift */ = {isa = PBXFileReference; lastKnownFileType = sourcecode.swift; path = ImagesListCell.swift; sourceTree = "<group>"; };
/* End PBXFileReference section */

/* Begin PBXFrameworksBuildPhase section */
		7364E7A52B54F9D700EDD5B0 /* Frameworks */ = {
			isa = PBXFrameworksBuildPhase;
			buildActionMask = 2147483647;
			files = (
				734496512BA399E80073B6C3 /* Kingfisher in Frameworks */,
				734496462BA334E60073B6C3 /* ProgressHUD in Frameworks */,
				734496592BA864950073B6C3 /* SwiftKeychainWrapper in Frameworks */,
			);
			runOnlyForDeploymentPostprocessing = 0;
		};
		7364E7BE2B54F9DE00EDD5B0 /* Frameworks */ = {
			isa = PBXFrameworksBuildPhase;
			buildActionMask = 2147483647;
			files = (
			);
			runOnlyForDeploymentPostprocessing = 0;
		};
		7364E7C82B54F9DE00EDD5B0 /* Frameworks */ = {
			isa = PBXFrameworksBuildPhase;
			buildActionMask = 2147483647;
			files = (
			);
			runOnlyForDeploymentPostprocessing = 0;
		};
/* End PBXFrameworksBuildPhase section */

/* Begin PBXGroup section */
		734496532BA39AA70073B6C3 /* TabBarController */ = {
			isa = PBXGroup;
			children = (
				734496542BA39AD80073B6C3 /* TabBarController.swift */,
			);
			path = TabBarController;
			sourceTree = "<group>";
		};
		734496562BA39D800073B6C3 /* Service */ = {
			isa = PBXGroup;
			children = (
				7344964D2BA380210073B6C3 /* ProfileImageService.swift */,
				734496492BA36E350073B6C3 /* ProfileService.swift */,
			);
			name = Service;
			sourceTree = "<group>";
		};
		7350307A2B90D878005FC38F /* Auth */ = {
			isa = PBXGroup;
			children = (
				7392F9532B98DB2B00FC6FC3 /* OAuth2 */,
				7350307B2B90D8A5005FC38F /* AuthViewController.swift */,
				7350307D2B963A7A005FC38F /* WebViewViewController.swift */,
			);
			name = Auth;
			sourceTree = "<group>";
		};
		735F20742B753ADB00CBC796 /* Profile */ = {
			isa = PBXGroup;
			children = (
				735F20752B753B1700CBC796 /* ProfileViewController.swift */,
				7344964B2BA37E700073B6C3 /* ProfileStructs.swift */,
				734496562BA39D800073B6C3 /* Service */,
			);
			name = Profile;
			sourceTree = "<group>";
		};
		7364E79F2B54F9D700EDD5B0 = {
			isa = PBXGroup;
			children = (
				7364E7AA2B54F9D700EDD5B0 /* ImageFeed */,
				7364E7C42B54F9DE00EDD5B0 /* ImageFeedTests */,
				7364E7CE2B54F9DE00EDD5B0 /* ImageFeedUITests */,
				7364E7A92B54F9D700EDD5B0 /* Products */,
			);
			sourceTree = "<group>";
		};
		7364E7A92B54F9D700EDD5B0 /* Products */ = {
			isa = PBXGroup;
			children = (
				7364E7A82B54F9D700EDD5B0 /* ImageFeed.app */,
				7364E7C12B54F9DE00EDD5B0 /* ImageFeedTests.xctest */,
				7364E7CB2B54F9DE00EDD5B0 /* ImageFeedUITests.xctest */,
			);
			name = Products;
			sourceTree = "<group>";
		};
		7364E7AA2B54F9D700EDD5B0 /* ImageFeed */ = {
			isa = PBXGroup;
			children = (
				7364E7BC2B54F9DE00EDD5B0 /* Info.plist */,
				7364E7AB2B54F9D700EDD5B0 /* AppDelegate.swift */,
				7364E7AD2B54F9D700EDD5B0 /* SceneDelegate.swift */,
				735030782B88F4BF005FC38F /* Constants.swift */,
				734496472BA33BA50073B6C3 /* UIBlockingProgressHUD.swift */,
				7392F95B2B99D1FD00FC6FC3 /* URLSession+data.swift */,
				7392F95D2B99D5EF00FC6FC3 /* URLRequest.swift */,
				734496532BA39AA70073B6C3 /* TabBarController */,
				7350307A2B90D878005FC38F /* Auth */,
				7392F95F2B99DF3500FC6FC3 /* Splash */,
				73C026232B6ACDAB004F98C0 /* ImagesList */,
				735F20742B753ADB00CBC796 /* Profile */,
				73E21AED2B566E0400105FA4 /* Resources */,
				7364E7B12B54F9D700EDD5B0 /* Main.storyboard */,
				7364E7B92B54F9DE00EDD5B0 /* LaunchScreen.storyboard */,
				7364E7B42B54F9D700EDD5B0 /* ImageFeed.xcdatamodeld */,
			);
			path = ImageFeed;
			sourceTree = "<group>";
		};
		7364E7C42B54F9DE00EDD5B0 /* ImageFeedTests */ = {
			isa = PBXGroup;
			children = (
				7364E7C52B54F9DE00EDD5B0 /* ImageFeedTests.swift */,
			);
			path = ImageFeedTests;
			sourceTree = "<group>";
		};
		7364E7CE2B54F9DE00EDD5B0 /* ImageFeedUITests */ = {
			isa = PBXGroup;
			children = (
				7364E7CF2B54F9DE00EDD5B0 /* ImageFeedUITests.swift */,
				7364E7D12B54F9DE00EDD5B0 /* ImageFeedUITestsLaunchTests.swift */,
			);
			path = ImageFeedUITests;
			sourceTree = "<group>";
		};
		736BFAE12B758FDD00B8CD70 /* SingleImageView */ = {
			isa = PBXGroup;
			children = (
				736BFAE22B75902200B8CD70 /* SingleImageViewController.swift */,
			);
			name = SingleImageView;
			path = ..;
			sourceTree = "<group>";
		};
		7392F9532B98DB2B00FC6FC3 /* OAuth2 */ = {
			isa = PBXGroup;
			children = (
				7392F9552B98DB9600FC6FC3 /* OAuth2Service.swift */,
				7392F9572B98DF3400FC6FC3 /* OAuth2TokenStorage.swift */,
				7392F9592B99D10800FC6FC3 /* OAuthTokenResponseBody.swift */,
			);
			path = OAuth2;
			sourceTree = "<group>";
		};
		7392F95F2B99DF3500FC6FC3 /* Splash */ = {
			isa = PBXGroup;
			children = (
				7392F9602B99DF5800FC6FC3 /* SplashViewController.swift */,
			);
			path = Splash;
			sourceTree = "<group>";
		};
		73C026232B6ACDAB004F98C0 /* ImagesList */ = {
			isa = PBXGroup;
			children = (
				73C026212B6ACD66004F98C0 /* ImagesListCell.swift */,
				7364E7AF2B54F9D700EDD5B0 /* ImagesListViewController.swift */,
				73A17E042BAA10EB00203948 /* ImagesListService.swift */,
				73A17E002BAA0D3200203948 /* PhotoStruct.swift */,
				73A17E022BAA0E2B00203948 /* PhotoRequestResult.swift */,
				736BFAE12B758FDD00B8CD70 /* SingleImageView */,
			);
			path = ImagesList;
			sourceTree = "<group>";
		};
		73E21AED2B566E0400105FA4 /* Resources */ = {
			isa = PBXGroup;
			children = (
				7364E7B72B54F9DE00EDD5B0 /* Assets.xcassets */,
			);
			path = Resources;
			sourceTree = "<group>";
		};
/* End PBXGroup section */

/* Begin PBXNativeTarget section */
		7364E7A72B54F9D700EDD5B0 /* ImageFeed */ = {
			isa = PBXNativeTarget;
			buildConfigurationList = 7364E7D52B54F9DE00EDD5B0 /* Build configuration list for PBXNativeTarget "ImageFeed" */;
			buildPhases = (
				7364E7A42B54F9D700EDD5B0 /* Sources */,
				7364E7A52B54F9D700EDD5B0 /* Frameworks */,
				7364E7A62B54F9D700EDD5B0 /* Resources */,
			);
			buildRules = (
			);
			dependencies = (
			);
			name = ImageFeed;
			packageProductDependencies = (
				734496452BA334E60073B6C3 /* ProgressHUD */,
				734496502BA399E80073B6C3 /* Kingfisher */,
				734496582BA864950073B6C3 /* SwiftKeychainWrapper */,
			);
			productName = ImageFeed;
			productReference = 7364E7A82B54F9D700EDD5B0 /* ImageFeed.app */;
			productType = "com.apple.product-type.application";
		};
		7364E7C02B54F9DE00EDD5B0 /* ImageFeedTests */ = {
			isa = PBXNativeTarget;
			buildConfigurationList = 7364E7D82B54F9DE00EDD5B0 /* Build configuration list for PBXNativeTarget "ImageFeedTests" */;
			buildPhases = (
				7364E7BD2B54F9DE00EDD5B0 /* Sources */,
				7364E7BE2B54F9DE00EDD5B0 /* Frameworks */,
				7364E7BF2B54F9DE00EDD5B0 /* Resources */,
			);
			buildRules = (
			);
			dependencies = (
				7364E7C32B54F9DE00EDD5B0 /* PBXTargetDependency */,
			);
			name = ImageFeedTests;
			productName = ImageFeedTests;
			productReference = 7364E7C12B54F9DE00EDD5B0 /* ImageFeedTests.xctest */;
			productType = "com.apple.product-type.bundle.unit-test";
		};
		7364E7CA2B54F9DE00EDD5B0 /* ImageFeedUITests */ = {
			isa = PBXNativeTarget;
			buildConfigurationList = 7364E7DB2B54F9DE00EDD5B0 /* Build configuration list for PBXNativeTarget "ImageFeedUITests" */;
			buildPhases = (
				7364E7C72B54F9DE00EDD5B0 /* Sources */,
				7364E7C82B54F9DE00EDD5B0 /* Frameworks */,
				7364E7C92B54F9DE00EDD5B0 /* Resources */,
			);
			buildRules = (
			);
			dependencies = (
				7364E7CD2B54F9DE00EDD5B0 /* PBXTargetDependency */,
			);
			name = ImageFeedUITests;
			productName = ImageFeedUITests;
			productReference = 7364E7CB2B54F9DE00EDD5B0 /* ImageFeedUITests.xctest */;
			productType = "com.apple.product-type.bundle.ui-testing";
		};
/* End PBXNativeTarget section */

/* Begin PBXProject section */
		7364E7A02B54F9D700EDD5B0 /* Project object */ = {
			isa = PBXProject;
			attributes = {
				BuildIndependentTargetsInParallel = 1;
				LastSwiftUpdateCheck = 1510;
				LastUpgradeCheck = 1510;
				TargetAttributes = {
					7364E7A72B54F9D700EDD5B0 = {
						CreatedOnToolsVersion = 15.1;
					};
					7364E7C02B54F9DE00EDD5B0 = {
						CreatedOnToolsVersion = 15.1;
						TestTargetID = 7364E7A72B54F9D700EDD5B0;
					};
					7364E7CA2B54F9DE00EDD5B0 = {
						CreatedOnToolsVersion = 15.1;
						TestTargetID = 7364E7A72B54F9D700EDD5B0;
					};
				};
			};
			buildConfigurationList = 7364E7A32B54F9D700EDD5B0 /* Build configuration list for PBXProject "ImageFeed" */;
			compatibilityVersion = "Xcode 13.0";
			developmentRegion = en;
			hasScannedForEncodings = 0;
			knownRegions = (
				en,
				Base,
			);
			mainGroup = 7364E79F2B54F9D700EDD5B0;
			packageReferences = (
				734496442BA334E60073B6C3 /* XCRemoteSwiftPackageReference "ProgressHUD" */,
				7344964F2BA399E80073B6C3 /* XCRemoteSwiftPackageReference "Kingfisher" */,
				734496572BA864950073B6C3 /* XCRemoteSwiftPackageReference "SwiftKeychainWrapper" */,
			);
			productRefGroup = 7364E7A92B54F9D700EDD5B0 /* Products */;
			projectDirPath = "";
			projectRoot = "";
			targets = (
				7364E7A72B54F9D700EDD5B0 /* ImageFeed */,
				7364E7C02B54F9DE00EDD5B0 /* ImageFeedTests */,
				7364E7CA2B54F9DE00EDD5B0 /* ImageFeedUITests */,
			);
		};
/* End PBXProject section */

/* Begin PBXResourcesBuildPhase section */
		7364E7A62B54F9D700EDD5B0 /* Resources */ = {
			isa = PBXResourcesBuildPhase;
			buildActionMask = 2147483647;
			files = (
				7364E7BB2B54F9DE00EDD5B0 /* LaunchScreen.storyboard in Resources */,
				7364E7B82B54F9DE00EDD5B0 /* Assets.xcassets in Resources */,
				7364E7B32B54F9D700EDD5B0 /* Main.storyboard in Resources */,
			);
			runOnlyForDeploymentPostprocessing = 0;
		};
		7364E7BF2B54F9DE00EDD5B0 /* Resources */ = {
			isa = PBXResourcesBuildPhase;
			buildActionMask = 2147483647;
			files = (
			);
			runOnlyForDeploymentPostprocessing = 0;
		};
		7364E7C92B54F9DE00EDD5B0 /* Resources */ = {
			isa = PBXResourcesBuildPhase;
			buildActionMask = 2147483647;
			files = (
			);
			runOnlyForDeploymentPostprocessing = 0;
		};
/* End PBXResourcesBuildPhase section */

/* Begin PBXSourcesBuildPhase section */
		7364E7A42B54F9D700EDD5B0 /* Sources */ = {
			isa = PBXSourcesBuildPhase;
			buildActionMask = 2147483647;
			files = (
				73A17E052BAA10EB00203948 /* ImagesListService.swift in Sources */,
				7364E7B02B54F9D700EDD5B0 /* ImagesListViewController.swift in Sources */,
				7350307E2B963A7A005FC38F /* WebViewViewController.swift in Sources */,
				7392F9562B98DB9600FC6FC3 /* OAuth2Service.swift in Sources */,
				7392F9612B99DF5800FC6FC3 /* SplashViewController.swift in Sources */,
				7350307C2B90D8A5005FC38F /* AuthViewController.swift in Sources */,
				7364E7B62B54F9D700EDD5B0 /* ImageFeed.xcdatamodeld in Sources */,
				7364E7AC2B54F9D700EDD5B0 /* AppDelegate.swift in Sources */,
				73A17E012BAA0D3200203948 /* PhotoStruct.swift in Sources */,
				7344964C2BA37E700073B6C3 /* ProfileStructs.swift in Sources */,
				7392F95E2B99D5EF00FC6FC3 /* URLRequest.swift in Sources */,
				735F20762B753B1700CBC796 /* ProfileViewController.swift in Sources */,
				7392F95C2B99D1FD00FC6FC3 /* URLSession+data.swift in Sources */,
				73A17E032BAA0E2B00203948 /* PhotoRequestResult.swift in Sources */,
				7364E7AE2B54F9D700EDD5B0 /* SceneDelegate.swift in Sources */,
				734496552BA39AD80073B6C3 /* TabBarController.swift in Sources */,
				736BFAE32B75902200B8CD70 /* SingleImageViewController.swift in Sources */,
				7392F95A2B99D10800FC6FC3 /* OAuthTokenResponseBody.swift in Sources */,
				7344964E2BA380210073B6C3 /* ProfileImageService.swift in Sources */,
				7344964A2BA36E350073B6C3 /* ProfileService.swift in Sources */,
				73C026222B6ACD66004F98C0 /* ImagesListCell.swift in Sources */,
				7392F9582B98DF3400FC6FC3 /* OAuth2TokenStorage.swift in Sources */,
				735030792B88F4BF005FC38F /* Constants.swift in Sources */,
				734496482BA33BA50073B6C3 /* UIBlockingProgressHUD.swift in Sources */,
			);
			runOnlyForDeploymentPostprocessing = 0;
		};
		7364E7BD2B54F9DE00EDD5B0 /* Sources */ = {
			isa = PBXSourcesBuildPhase;
			buildActionMask = 2147483647;
			files = (
				7364E7C62B54F9DE00EDD5B0 /* ImageFeedTests.swift in Sources */,
			);
			runOnlyForDeploymentPostprocessing = 0;
		};
		7364E7C72B54F9DE00EDD5B0 /* Sources */ = {
			isa = PBXSourcesBuildPhase;
			buildActionMask = 2147483647;
			files = (
				7364E7D22B54F9DE00EDD5B0 /* ImageFeedUITestsLaunchTests.swift in Sources */,
				7364E7D02B54F9DE00EDD5B0 /* ImageFeedUITests.swift in Sources */,
			);
			runOnlyForDeploymentPostprocessing = 0;
		};
/* End PBXSourcesBuildPhase section */

/* Begin PBXTargetDependency section */
		7364E7C32B54F9DE00EDD5B0 /* PBXTargetDependency */ = {
			isa = PBXTargetDependency;
			target = 7364E7A72B54F9D700EDD5B0 /* ImageFeed */;
			targetProxy = 7364E7C22B54F9DE00EDD5B0 /* PBXContainerItemProxy */;
		};
		7364E7CD2B54F9DE00EDD5B0 /* PBXTargetDependency */ = {
			isa = PBXTargetDependency;
			target = 7364E7A72B54F9D700EDD5B0 /* ImageFeed */;
			targetProxy = 7364E7CC2B54F9DE00EDD5B0 /* PBXContainerItemProxy */;
		};
/* End PBXTargetDependency section */

/* Begin PBXVariantGroup section */
		7364E7B12B54F9D700EDD5B0 /* Main.storyboard */ = {
			isa = PBXVariantGroup;
			children = (
				7364E7B22B54F9D700EDD5B0 /* Base */,
			);
			name = Main.storyboard;
			sourceTree = "<group>";
		};
		7364E7B92B54F9DE00EDD5B0 /* LaunchScreen.storyboard */ = {
			isa = PBXVariantGroup;
			children = (
				7364E7BA2B54F9DE00EDD5B0 /* Base */,
			);
			name = LaunchScreen.storyboard;
			sourceTree = "<group>";
		};
/* End PBXVariantGroup section */

/* Begin XCBuildConfiguration section */
		7364E7D32B54F9DE00EDD5B0 /* Debug */ = {
			isa = XCBuildConfiguration;
			buildSettings = {
				ALWAYS_SEARCH_USER_PATHS = NO;
				ASSETCATALOG_COMPILER_GENERATE_SWIFT_ASSET_SYMBOL_EXTENSIONS = YES;
				CLANG_ANALYZER_NONNULL = YES;
				CLANG_ANALYZER_NUMBER_OBJECT_CONVERSION = YES_AGGRESSIVE;
				CLANG_CXX_LANGUAGE_STANDARD = "gnu++20";
				CLANG_ENABLE_MODULES = YES;
				CLANG_ENABLE_OBJC_ARC = YES;
				CLANG_ENABLE_OBJC_WEAK = YES;
				CLANG_WARN_BLOCK_CAPTURE_AUTORELEASING = YES;
				CLANG_WARN_BOOL_CONVERSION = YES;
				CLANG_WARN_COMMA = YES;
				CLANG_WARN_CONSTANT_CONVERSION = YES;
				CLANG_WARN_DEPRECATED_OBJC_IMPLEMENTATIONS = YES;
				CLANG_WARN_DIRECT_OBJC_ISA_USAGE = YES_ERROR;
				CLANG_WARN_DOCUMENTATION_COMMENTS = YES;
				CLANG_WARN_EMPTY_BODY = YES;
				CLANG_WARN_ENUM_CONVERSION = YES;
				CLANG_WARN_INFINITE_RECURSION = YES;
				CLANG_WARN_INT_CONVERSION = YES;
				CLANG_WARN_NON_LITERAL_NULL_CONVERSION = YES;
				CLANG_WARN_OBJC_IMPLICIT_RETAIN_SELF = YES;
				CLANG_WARN_OBJC_LITERAL_CONVERSION = YES;
				CLANG_WARN_OBJC_ROOT_CLASS = YES_ERROR;
				CLANG_WARN_QUOTED_INCLUDE_IN_FRAMEWORK_HEADER = YES;
				CLANG_WARN_RANGE_LOOP_ANALYSIS = YES;
				CLANG_WARN_STRICT_PROTOTYPES = YES;
				CLANG_WARN_SUSPICIOUS_MOVE = YES;
				CLANG_WARN_UNGUARDED_AVAILABILITY = YES_AGGRESSIVE;
				CLANG_WARN_UNREACHABLE_CODE = YES;
				CLANG_WARN__DUPLICATE_METHOD_MATCH = YES;
				COPY_PHASE_STRIP = NO;
				DEBUG_INFORMATION_FORMAT = dwarf;
				ENABLE_STRICT_OBJC_MSGSEND = YES;
				ENABLE_TESTABILITY = YES;
				ENABLE_USER_SCRIPT_SANDBOXING = YES;
				GCC_C_LANGUAGE_STANDARD = gnu17;
				GCC_DYNAMIC_NO_PIC = NO;
				GCC_NO_COMMON_BLOCKS = YES;
				GCC_OPTIMIZATION_LEVEL = 0;
				GCC_PREPROCESSOR_DEFINITIONS = (
					"DEBUG=1",
					"$(inherited)",
				);
				GCC_WARN_64_TO_32_BIT_CONVERSION = YES;
				GCC_WARN_ABOUT_RETURN_TYPE = YES_ERROR;
				GCC_WARN_UNDECLARED_SELECTOR = YES;
				GCC_WARN_UNINITIALIZED_AUTOS = YES_AGGRESSIVE;
				GCC_WARN_UNUSED_FUNCTION = YES;
				GCC_WARN_UNUSED_VARIABLE = YES;
				IPHONEOS_DEPLOYMENT_TARGET = 13.0;
				LOCALIZATION_PREFERS_STRING_CATALOGS = YES;
				MTL_ENABLE_DEBUG_INFO = INCLUDE_SOURCE;
				MTL_FAST_MATH = YES;
				ONLY_ACTIVE_ARCH = YES;
				SDKROOT = iphoneos;
				SWIFT_ACTIVE_COMPILATION_CONDITIONS = "DEBUG $(inherited)";
				SWIFT_OPTIMIZATION_LEVEL = "-Onone";
			};
			name = Debug;
		};
		7364E7D42B54F9DE00EDD5B0 /* Release */ = {
			isa = XCBuildConfiguration;
			buildSettings = {
				ALWAYS_SEARCH_USER_PATHS = NO;
				ASSETCATALOG_COMPILER_GENERATE_SWIFT_ASSET_SYMBOL_EXTENSIONS = YES;
				CLANG_ANALYZER_NONNULL = YES;
				CLANG_ANALYZER_NUMBER_OBJECT_CONVERSION = YES_AGGRESSIVE;
				CLANG_CXX_LANGUAGE_STANDARD = "gnu++20";
				CLANG_ENABLE_MODULES = YES;
				CLANG_ENABLE_OBJC_ARC = YES;
				CLANG_ENABLE_OBJC_WEAK = YES;
				CLANG_WARN_BLOCK_CAPTURE_AUTORELEASING = YES;
				CLANG_WARN_BOOL_CONVERSION = YES;
				CLANG_WARN_COMMA = YES;
				CLANG_WARN_CONSTANT_CONVERSION = YES;
				CLANG_WARN_DEPRECATED_OBJC_IMPLEMENTATIONS = YES;
				CLANG_WARN_DIRECT_OBJC_ISA_USAGE = YES_ERROR;
				CLANG_WARN_DOCUMENTATION_COMMENTS = YES;
				CLANG_WARN_EMPTY_BODY = YES;
				CLANG_WARN_ENUM_CONVERSION = YES;
				CLANG_WARN_INFINITE_RECURSION = YES;
				CLANG_WARN_INT_CONVERSION = YES;
				CLANG_WARN_NON_LITERAL_NULL_CONVERSION = YES;
				CLANG_WARN_OBJC_IMPLICIT_RETAIN_SELF = YES;
				CLANG_WARN_OBJC_LITERAL_CONVERSION = YES;
				CLANG_WARN_OBJC_ROOT_CLASS = YES_ERROR;
				CLANG_WARN_QUOTED_INCLUDE_IN_FRAMEWORK_HEADER = YES;
				CLANG_WARN_RANGE_LOOP_ANALYSIS = YES;
				CLANG_WARN_STRICT_PROTOTYPES = YES;
				CLANG_WARN_SUSPICIOUS_MOVE = YES;
				CLANG_WARN_UNGUARDED_AVAILABILITY = YES_AGGRESSIVE;
				CLANG_WARN_UNREACHABLE_CODE = YES;
				CLANG_WARN__DUPLICATE_METHOD_MATCH = YES;
				COPY_PHASE_STRIP = NO;
				DEBUG_INFORMATION_FORMAT = "dwarf-with-dsym";
				ENABLE_NS_ASSERTIONS = NO;
				ENABLE_STRICT_OBJC_MSGSEND = YES;
				ENABLE_USER_SCRIPT_SANDBOXING = YES;
				GCC_C_LANGUAGE_STANDARD = gnu17;
				GCC_NO_COMMON_BLOCKS = YES;
				GCC_WARN_64_TO_32_BIT_CONVERSION = YES;
				GCC_WARN_ABOUT_RETURN_TYPE = YES_ERROR;
				GCC_WARN_UNDECLARED_SELECTOR = YES;
				GCC_WARN_UNINITIALIZED_AUTOS = YES_AGGRESSIVE;
				GCC_WARN_UNUSED_FUNCTION = YES;
				GCC_WARN_UNUSED_VARIABLE = YES;
				IPHONEOS_DEPLOYMENT_TARGET = 13.0;
				LOCALIZATION_PREFERS_STRING_CATALOGS = YES;
				MTL_ENABLE_DEBUG_INFO = NO;
				MTL_FAST_MATH = YES;
				SDKROOT = iphoneos;
				SWIFT_COMPILATION_MODE = wholemodule;
				VALIDATE_PRODUCT = YES;
			};
			name = Release;
		};
		7364E7D62B54F9DE00EDD5B0 /* Debug */ = {
			isa = XCBuildConfiguration;
			buildSettings = {
				ASSETCATALOG_COMPILER_APPICON_NAME = AppIcon;
				ASSETCATALOG_COMPILER_GLOBAL_ACCENT_COLOR_NAME = AccentColor;
				ASSETCATALOG_COMPILER_INCLUDE_ALL_APPICON_ASSETS = NO;
				CODE_SIGN_STYLE = Automatic;
				CURRENT_PROJECT_VERSION = 1;
				DEVELOPMENT_TEAM = 7KFVHGZA9S;
				GENERATE_INFOPLIST_FILE = YES;
				INFOPLIST_FILE = ImageFeed/Info.plist;
				INFOPLIST_KEY_UIApplicationSupportsIndirectInputEvents = YES;
				INFOPLIST_KEY_UILaunchStoryboardName = LaunchScreen.storyboard;
				INFOPLIST_KEY_UIMainStoryboardFile = Main;
				INFOPLIST_KEY_UIStatusBarStyle = UIStatusBarStyleLightContent;
				INFOPLIST_KEY_UISupportedInterfaceOrientations_iPad = "UIInterfaceOrientationPortrait UIInterfaceOrientationPortraitUpsideDown UIInterfaceOrientationLandscapeLeft UIInterfaceOrientationLandscapeRight";
				INFOPLIST_KEY_UISupportedInterfaceOrientations_iPhone = UIInterfaceOrientationPortrait;
				IPHONEOS_DEPLOYMENT_TARGET = 13.0;
				LD_RUNPATH_SEARCH_PATHS = (
					"$(inherited)",
					"@executable_path/Frameworks",
				);
				MARKETING_VERSION = 1.0;
				PRODUCT_BUNDLE_IDENTIFIER = com.MaksimKhomenkov.yandex.practicum.ImageFeed;
				PRODUCT_NAME = "$(TARGET_NAME)";
				SUPPORTED_PLATFORMS = "iphoneos iphonesimulator";
				SUPPORTS_MACCATALYST = NO;
				SWIFT_EMIT_LOC_STRINGS = YES;
				SWIFT_VERSION = 5.0;
				TARGETED_DEVICE_FAMILY = 1;
			};
			name = Debug;
		};
		7364E7D72B54F9DE00EDD5B0 /* Release */ = {
			isa = XCBuildConfiguration;
			buildSettings = {
				ASSETCATALOG_COMPILER_APPICON_NAME = AppIcon;
				ASSETCATALOG_COMPILER_GLOBAL_ACCENT_COLOR_NAME = AccentColor;
				ASSETCATALOG_COMPILER_INCLUDE_ALL_APPICON_ASSETS = NO;
				CODE_SIGN_STYLE = Automatic;
				CURRENT_PROJECT_VERSION = 1;
				DEVELOPMENT_TEAM = 7KFVHGZA9S;
				GENERATE_INFOPLIST_FILE = YES;
				INFOPLIST_FILE = ImageFeed/Info.plist;
				INFOPLIST_KEY_UIApplicationSupportsIndirectInputEvents = YES;
				INFOPLIST_KEY_UILaunchStoryboardName = LaunchScreen.storyboard;
				INFOPLIST_KEY_UIMainStoryboardFile = Main;
				INFOPLIST_KEY_UIStatusBarStyle = UIStatusBarStyleLightContent;
				INFOPLIST_KEY_UISupportedInterfaceOrientations_iPad = "UIInterfaceOrientationPortrait UIInterfaceOrientationPortraitUpsideDown UIInterfaceOrientationLandscapeLeft UIInterfaceOrientationLandscapeRight";
				INFOPLIST_KEY_UISupportedInterfaceOrientations_iPhone = UIInterfaceOrientationPortrait;
				IPHONEOS_DEPLOYMENT_TARGET = 13.0;
				LD_RUNPATH_SEARCH_PATHS = (
					"$(inherited)",
					"@executable_path/Frameworks",
				);
				MARKETING_VERSION = 1.0;
				PRODUCT_BUNDLE_IDENTIFIER = com.MaksimKhomenkov.yandex.practicum.ImageFeed;
				PRODUCT_NAME = "$(TARGET_NAME)";
				SUPPORTED_PLATFORMS = "iphoneos iphonesimulator";
				SUPPORTS_MACCATALYST = NO;
				SWIFT_EMIT_LOC_STRINGS = YES;
				SWIFT_VERSION = 5.0;
				TARGETED_DEVICE_FAMILY = 1;
			};
			name = Release;
		};
		7364E7D92B54F9DE00EDD5B0 /* Debug */ = {
			isa = XCBuildConfiguration;
			buildSettings = {
				ALWAYS_EMBED_SWIFT_STANDARD_LIBRARIES = YES;
				BUNDLE_LOADER = "$(TEST_HOST)";
				CODE_SIGN_STYLE = Automatic;
				CURRENT_PROJECT_VERSION = 1;
				DEVELOPMENT_TEAM = 7KFVHGZA9S;
				GENERATE_INFOPLIST_FILE = YES;
				IPHONEOS_DEPLOYMENT_TARGET = 17.2;
				MARKETING_VERSION = 1.0;
				PRODUCT_BUNDLE_IDENTIFIER = com.MaksimKhomenkov.yandex.practicum.ImageFeedTests;
				PRODUCT_NAME = "$(TARGET_NAME)";
				SWIFT_EMIT_LOC_STRINGS = NO;
				SWIFT_VERSION = 5.0;
				TARGETED_DEVICE_FAMILY = "1,2";
				TEST_HOST = "$(BUILT_PRODUCTS_DIR)/ImageFeed.app/$(BUNDLE_EXECUTABLE_FOLDER_PATH)/ImageFeed";
			};
			name = Debug;
		};
		7364E7DA2B54F9DE00EDD5B0 /* Release */ = {
			isa = XCBuildConfiguration;
			buildSettings = {
				ALWAYS_EMBED_SWIFT_STANDARD_LIBRARIES = YES;
				BUNDLE_LOADER = "$(TEST_HOST)";
				CODE_SIGN_STYLE = Automatic;
				CURRENT_PROJECT_VERSION = 1;
				DEVELOPMENT_TEAM = 7KFVHGZA9S;
				GENERATE_INFOPLIST_FILE = YES;
				IPHONEOS_DEPLOYMENT_TARGET = 17.2;
				MARKETING_VERSION = 1.0;
				PRODUCT_BUNDLE_IDENTIFIER = com.MaksimKhomenkov.yandex.practicum.ImageFeedTests;
				PRODUCT_NAME = "$(TARGET_NAME)";
				SWIFT_EMIT_LOC_STRINGS = NO;
				SWIFT_VERSION = 5.0;
				TARGETED_DEVICE_FAMILY = "1,2";
				TEST_HOST = "$(BUILT_PRODUCTS_DIR)/ImageFeed.app/$(BUNDLE_EXECUTABLE_FOLDER_PATH)/ImageFeed";
			};
			name = Release;
		};
		7364E7DC2B54F9DE00EDD5B0 /* Debug */ = {
			isa = XCBuildConfiguration;
			buildSettings = {
				ALWAYS_EMBED_SWIFT_STANDARD_LIBRARIES = YES;
				CODE_SIGN_STYLE = Automatic;
				CURRENT_PROJECT_VERSION = 1;
				DEVELOPMENT_TEAM = 7KFVHGZA9S;
				GENERATE_INFOPLIST_FILE = YES;
				MARKETING_VERSION = 1.0;
				PRODUCT_BUNDLE_IDENTIFIER = com.MaksimKhomenkov.yandex.practicum.ImageFeedUITests;
				PRODUCT_NAME = "$(TARGET_NAME)";
				SWIFT_EMIT_LOC_STRINGS = NO;
				SWIFT_VERSION = 5.0;
				TARGETED_DEVICE_FAMILY = "1,2";
				TEST_TARGET_NAME = ImageFeed;
			};
			name = Debug;
		};
		7364E7DD2B54F9DE00EDD5B0 /* Release */ = {
			isa = XCBuildConfiguration;
			buildSettings = {
				ALWAYS_EMBED_SWIFT_STANDARD_LIBRARIES = YES;
				CODE_SIGN_STYLE = Automatic;
				CURRENT_PROJECT_VERSION = 1;
				DEVELOPMENT_TEAM = 7KFVHGZA9S;
				GENERATE_INFOPLIST_FILE = YES;
				MARKETING_VERSION = 1.0;
				PRODUCT_BUNDLE_IDENTIFIER = com.MaksimKhomenkov.yandex.practicum.ImageFeedUITests;
				PRODUCT_NAME = "$(TARGET_NAME)";
				SWIFT_EMIT_LOC_STRINGS = NO;
				SWIFT_VERSION = 5.0;
				TARGETED_DEVICE_FAMILY = "1,2";
				TEST_TARGET_NAME = ImageFeed;
			};
			name = Release;
		};
/* End XCBuildConfiguration section */

/* Begin XCConfigurationList section */
		7364E7A32B54F9D700EDD5B0 /* Build configuration list for PBXProject "ImageFeed" */ = {
			isa = XCConfigurationList;
			buildConfigurations = (
				7364E7D32B54F9DE00EDD5B0 /* Debug */,
				7364E7D42B54F9DE00EDD5B0 /* Release */,
			);
			defaultConfigurationIsVisible = 0;
			defaultConfigurationName = Release;
		};
		7364E7D52B54F9DE00EDD5B0 /* Build configuration list for PBXNativeTarget "ImageFeed" */ = {
			isa = XCConfigurationList;
			buildConfigurations = (
				7364E7D62B54F9DE00EDD5B0 /* Debug */,
				7364E7D72B54F9DE00EDD5B0 /* Release */,
			);
			defaultConfigurationIsVisible = 0;
			defaultConfigurationName = Release;
		};
		7364E7D82B54F9DE00EDD5B0 /* Build configuration list for PBXNativeTarget "ImageFeedTests" */ = {
			isa = XCConfigurationList;
			buildConfigurations = (
				7364E7D92B54F9DE00EDD5B0 /* Debug */,
				7364E7DA2B54F9DE00EDD5B0 /* Release */,
			);
			defaultConfigurationIsVisible = 0;
			defaultConfigurationName = Release;
		};
		7364E7DB2B54F9DE00EDD5B0 /* Build configuration list for PBXNativeTarget "ImageFeedUITests" */ = {
			isa = XCConfigurationList;
			buildConfigurations = (
				7364E7DC2B54F9DE00EDD5B0 /* Debug */,
				7364E7DD2B54F9DE00EDD5B0 /* Release */,
			);
			defaultConfigurationIsVisible = 0;
			defaultConfigurationName = Release;
		};
/* End XCConfigurationList section */

/* Begin XCRemoteSwiftPackageReference section */
		734496442BA334E60073B6C3 /* XCRemoteSwiftPackageReference "ProgressHUD" */ = {
			isa = XCRemoteSwiftPackageReference;
			repositoryURL = "https://github.com/relatedcode/ProgressHUD";
			requirement = {
				kind = upToNextMajorVersion;
				minimumVersion = 14.1.1;
			};
		};
		7344964F2BA399E80073B6C3 /* XCRemoteSwiftPackageReference "Kingfisher" */ = {
			isa = XCRemoteSwiftPackageReference;
			repositoryURL = "https://github.com/onevcat/Kingfisher";
			requirement = {
				kind = upToNextMajorVersion;
				minimumVersion = 7.11.0;
			};
		};
		734496572BA864950073B6C3 /* XCRemoteSwiftPackageReference "SwiftKeychainWrapper" */ = {
			isa = XCRemoteSwiftPackageReference;
			repositoryURL = "https://github.com/jrendel/SwiftKeychainWrapper";
			requirement = {
				kind = upToNextMajorVersion;
				minimumVersion = 4.0.1;
			};
		};
/* End XCRemoteSwiftPackageReference section */

/* Begin XCSwiftPackageProductDependency section */
		734496452BA334E60073B6C3 /* ProgressHUD */ = {
			isa = XCSwiftPackageProductDependency;
			package = 734496442BA334E60073B6C3 /* XCRemoteSwiftPackageReference "ProgressHUD" */;
			productName = ProgressHUD;
		};
		734496502BA399E80073B6C3 /* Kingfisher */ = {
			isa = XCSwiftPackageProductDependency;
			package = 7344964F2BA399E80073B6C3 /* XCRemoteSwiftPackageReference "Kingfisher" */;
			productName = Kingfisher;
		};
		734496582BA864950073B6C3 /* SwiftKeychainWrapper */ = {
			isa = XCSwiftPackageProductDependency;
			package = 734496572BA864950073B6C3 /* XCRemoteSwiftPackageReference "SwiftKeychainWrapper" */;
			productName = SwiftKeychainWrapper;
		};
/* End XCSwiftPackageProductDependency section */

/* Begin XCVersionGroup section */
		7364E7B42B54F9D700EDD5B0 /* ImageFeed.xcdatamodeld */ = {
			isa = XCVersionGroup;
			children = (
				7364E7B52B54F9D700EDD5B0 /* ImageFeed.xcdatamodel */,
			);
			currentVersion = 7364E7B52B54F9D700EDD5B0 /* ImageFeed.xcdatamodel */;
			path = ImageFeed.xcdatamodeld;
			sourceTree = "<group>";
			versionGroupType = wrapper.xcdatamodel;
		};
/* End XCVersionGroup section */
	};
	rootObject = 7364E7A02B54F9D700EDD5B0 /* Project object */;
}
